
Microsoft Visual Studio Solution File, Format Version 12.00
# Visual Studio Version 17
VisualStudioVersion = 17.7.34024.191
MinimumVisualStudioVersion = 10.0.40219.1
Project("{FAE04EC0-301F-11D3-BF4B-00C04F79EFBC}") = "LearningApp.Data", "LearningApp.Data\LearningApp.Data.csproj", "{D9437DB7-5FB8-41F6-891F-C1F5CCB3EC9E}"
EndProject
Project("{FAE04EC0-301F-11D3-BF4B-00C04F79EFBC}") = "LearningApp.Business", "LearningApp.Business\LearningApp.Business.csproj", "{D6FF3B0D-AA31-415F-9B72-AF5CC8DDD87E}"
EndProject
Project("{FAE04EC0-301F-11D3-BF4B-00C04F79EFBC}") = "LearningApp.API", "LearningApp.API\LearningApp.API.csproj", "{6644A7A9-0CB3-44AE-85AF-6AD06B4386E3}"
EndProject
Global
	GlobalSection(SolutionConfigurationPlatforms) = preSolution
		Debug|Any CPU = Debug|Any CPU
		Release|Any CPU = Release|Any CPU
	EndGlobalSection
	GlobalSection(ProjectConfigurationPlatforms) = postSolution
		{D9437DB7-5FB8-41F6-891F-C1F5CCB3EC9E}.Debug|Any CPU.ActiveCfg = Debug|Any CPU
		{D9437DB7-5FB8-41F6-891F-C1F5CCB3EC9E}.Debug|Any CPU.Build.0 = Debug|Any CPU
		{D9437DB7-5FB8-41F6-891F-C1F5CCB3EC9E}.Release|Any CPU.ActiveCfg = Release|Any CPU
		{D9437DB7-5FB8-41F6-891F-C1F5CCB3EC9E}.Release|Any CPU.Build.0 = Release|Any CPU
		{D6FF3B0D-AA31-415F-9B72-AF5CC8DDD87E}.Debug|Any CPU.ActiveCfg = Debug|Any CPU
		{D6FF3B0D-AA31-415F-9B72-AF5CC8DDD87E}.Debug|Any CPU.Build.0 = Debug|Any CPU
		{D6FF3B0D-AA31-415F-9B72-AF5CC8DDD87E}.Release|Any CPU.ActiveCfg = Release|Any CPU
		{D6FF3B0D-AA31-415F-9B72-AF5CC8DDD87E}.Release|Any CPU.Build.0 = Release|Any CPU
		{6644A7A9-0CB3-44AE-85AF-6AD06B4386E3}.Debug|Any CPU.ActiveCfg = Debug|Any CPU
		{6644A7A9-0CB3-44AE-85AF-6AD06B4386E3}.Debug|Any CPU.Build.0 = Debug|Any CPU
		{6644A7A9-0CB3-44AE-85AF-6AD06B4386E3}.Release|Any CPU.ActiveCfg = Release|Any CPU
		{6644A7A9-0CB3-44AE-85AF-6AD06B4386E3}.Release|Any CPU.Build.0 = Release|Any CPU
	EndGlobalSection
	GlobalSection(SolutionProperties) = preSolution
		HideSolutionNode = FALSE
	EndGlobalSection
	GlobalSection(ExtensibilityGlobals) = postSolution
		SolutionGuid = {866DC6BD-36E3-453F-B476-D5373B43B9EC}
	EndGlobalSection
EndGlobal
